
Microsoft Visual Studio Solution File, Format Version 12.00
Project("{FAE04EC0-301F-11D3-BF4B-00C04F79EFBC}") = "MyXProject.Web", "MyXProject.Web\MyXProject.Web.csproj", "{6B37EBE3-B16F-4BA8-8306-7E7F78F62C34}"
EndProject
Project("{FAE04EC0-301F-11D3-BF4B-00C04F79EFBC}") = "Xams.Core", "Xams.Core\Xams.Core.csproj", "{9BC8390B-9958-45C8-B2AE-028618BE0CA2}"
EndProject
Project("{FAE04EC0-301F-11D3-BF4B-00C04F79EFBC}") = "Xams.Console", "Xams.Console\Xams.Console.csproj", "{884026A7-E7EC-46BC-9705-4DC6F27D178E}"
EndProject
Project("{FAE04EC0-301F-11D3-BF4B-00C04F79EFBC}") = "Xams.Firebase", "Xams.Firebase\Xams.Firebase.csproj", "{9F40EADF-293D-452D-8C9C-36E3697819C9}"
EndProject
Global
	GlobalSection(SolutionConfigurationPlatforms) = preSolution
		Debug|Any CPU = Debug|Any CPU
		Release|Any CPU = Release|Any CPU
	EndGlobalSection
	GlobalSection(ProjectConfigurationPlatforms) = postSolution
		{6B37EBE3-B16F-4BA8-8306-7E7F78F62C34}.Debug|Any CPU.ActiveCfg = Debug|Any CPU
		{6B37EBE3-B16F-4BA8-8306-7E7F78F62C34}.Debug|Any CPU.Build.0 = Debug|Any CPU
		{6B37EBE3-B16F-4BA8-8306-7E7F78F62C34}.Release|Any CPU.ActiveCfg = Release|Any CPU
		{6B37EBE3-B16F-4BA8-8306-7E7F78F62C34}.Release|Any CPU.Build.0 = Release|Any CPU
		{9BC8390B-9958-45C8-B2AE-028618BE0CA2}.Debug|Any CPU.ActiveCfg = Debug|Any CPU
		{9BC8390B-9958-45C8-B2AE-028618BE0CA2}.Debug|Any CPU.Build.0 = Debug|Any CPU
		{9BC8390B-9958-45C8-B2AE-028618BE0CA2}.Release|Any CPU.ActiveCfg = Release|Any CPU
		{9BC8390B-9958-45C8-B2AE-028618BE0CA2}.Release|Any CPU.Build.0 = Release|Any CPU
		{884026A7-E7EC-46BC-9705-4DC6F27D178E}.Debug|Any CPU.ActiveCfg = Debug|Any CPU
		{884026A7-E7EC-46BC-9705-4DC6F27D178E}.Debug|Any CPU.Build.0 = Debug|Any CPU
		{884026A7-E7EC-46BC-9705-4DC6F27D178E}.Release|Any CPU.ActiveCfg = Release|Any CPU
		{884026A7-E7EC-46BC-9705-4DC6F27D178E}.Release|Any CPU.Build.0 = Release|Any CPU
		{9F40EADF-293D-452D-8C9C-36E3697819C9}.Debug|Any CPU.ActiveCfg = Debug|Any CPU
		{9F40EADF-293D-452D-8C9C-36E3697819C9}.Debug|Any CPU.Build.0 = Debug|Any CPU
		{9F40EADF-293D-452D-8C9C-36E3697819C9}.Release|Any CPU.ActiveCfg = Release|Any CPU
		{9F40EADF-293D-452D-8C9C-36E3697819C9}.Release|Any CPU.Build.0 = Release|Any CPU
	EndGlobalSection
EndGlobal
